lockfileVersion: '9.0'

settings:
  autoInstallPeers: true
  excludeLinksFromLockfile: false

importers:

  .:
    dependencies:
      match-sorter:
        specifier: ^8.1.0
        version: 8.1.0
      sort-by:
        specifier: ^1.2.0
        version: 1.2.0
      tiny-invariant:
        specifier: ^1.3.3
        version: 1.3.3

packages:

  '@babel/runtime@7.28.4':
    resolution: {integrity: sha512-Q/N6JNWvIvPnLDvjlE1OUBLPQHH6l3CltCEsHIujp45zQUSSh8K+gHnaEX45yAT1nyngnINhvWtzN+Nb9D8RAQ==}
    engines: {node: '>=6.9.0'}

  match-sorter@8.1.0:
    resolution: {integrity: sha512-0HX3BHPixkbECX+Vt7nS1vJ6P2twPgGTU3PMXjWrl1eyVCL24tFHeyYN1FN5RKLzve0TyzNI9qntqQGbebnfPQ==}

  object-path@0.6.0:
    resolution: {integrity: sha512-fxrwsCFi3/p+LeLOAwo/wyRMODZxdGBtUlWRzsEpsUVrisZbEfZ21arxLGfaWfcnqb8oHPNihIb4XPE8CQPN5A==}
    engines: {node: '>=0.8.0'}

  remove-accents@0.5.0:
    resolution: {integrity: sha512-8g3/Otx1eJaVD12e31UbJj1YzdtVvzH85HV7t+9MJYk/u3XmkOUJ5Ys9wQrf9PCPK8+xn4ymzqYCiZl6QWKn+A==}

  sort-by@1.2.0:
    resolution: {integrity: sha512-aRyW65r3xMnf4nxJRluCg0H/woJpksU1dQxRtXYzau30sNBOmf5HACpDd9MZDhKh7ALQ5FgSOfMPwZEtUmMqcg==}

  tiny-invariant@1.3.3:
    resolution: {integrity: sha512-+FbBPE1o9QAYvviau/qC5SE3caw21q3xkvWKBtja5vgqOWIHHJ3ioaq1VPfn/Szqctz2bU/oYeKd9/z5BL+PVg==}

snapshots:

  '@babel/runtime@7.28.4': {}

  match-sorter@8.1.0:
    dependencies:
      '@babel/runtime': 7.28.4
      remove-accents: 0.5.0

  object-path@0.6.0: {}

  remove-accents@0.5.0: {}

  sort-by@1.2.0:
    dependencies:
      object-path: 0.6.0

  tiny-invariant@1.3.3: {}
